
Microsoft Visual Studio Solution File, Format Version 12.00
# Visual Studio Version 17
VisualStudioVersion = 17.11.35312.102
MinimumVisualStudioVersion = 10.0.40219.1
Project("{FAE04EC0-301F-11D3-BF4B-00C04F79EFBC}") = "AppPromotores1", "AppPromotores1.csproj", "{3AD7BD73-6C88-4D48-9831-C3D5098E422A}"
EndProject
Project("{2150E333-8FDC-42A3-9474-1A3956D46DE8}") = "Solution Items", "Solution Items", "{51A4C88A-66C0-48FA-8B79-88358DD2124F}"
	ProjectSection(SolutionItems) = preProject
		.editorconfig = .editorconfig
	EndProjectSection
EndProject
Global
	GlobalSection(SolutionConfigurationPlatforms) = preSolution
		Debug|Any CPU = Debug|Any CPU
		Release|Any CPU = Release|Any CPU
	EndGlobalSection
	GlobalSection(ProjectConfigurationPlatforms) = postSolution
		{3AD7BD73-6C88-4D48-9831-C3D5098E422A}.Debug|Any CPU.ActiveCfg = Debug|Any CPU
		{3AD7BD73-6C88-4D48-9831-C3D5098E422A}.Debug|Any CPU.Build.0 = Debug|Any CPU
		{3AD7BD73-6C88-4D48-9831-C3D5098E422A}.Release|Any CPU.ActiveCfg = Release|Any CPU
		{3AD7BD73-6C88-4D48-9831-C3D5098E422A}.Release|Any CPU.Build.0 = Release|Any CPU
	EndGlobalSection
	GlobalSection(SolutionProperties) = preSolution
		HideSolutionNode = FALSE
	EndGlobalSection
	GlobalSection(ExtensibilityGlobals) = postSolution
		SolutionGuid = {9E8C4561-6AF7-4B9D-A994-5E3E8522B5B8}
	EndGlobalSection
EndGlobal
